
Microsoft Visual Studio Solution File, Format Version 12.00
# Visual Studio 2012
Project("{f2a71f9b-5d33-465a-a702-920d77279786}") = "FParsec-Pipes", "FParsec-Pipes\FParsec-Pipes.fsproj", "{DFA5E894-D42D-4DCE-A002-7366A0A35BD3}"
EndProject
Project("{f2a71f9b-5d33-465a-a702-920d77279786}") = "FParsec-Pipes-Test", "FParsec-Pipes-Test\FParsec-Pipes-Test.fsproj", "{E34378CC-4B04-4FD8-8E84-DE7184E28743}"
EndProject
Project("{f2a71f9b-5d33-465a-a702-920d77279786}") = "Examples.SQLite", "Examples.SQLite\Examples.SQLite.fsproj", "{21784640-D84E-416E-909B-DC1CBAB51C1C}"
EndProject
Global
	GlobalSection(SolutionConfigurationPlatforms) = preSolution
		Debug|Any CPU = Debug|Any CPU
		Release|Any CPU = Release|Any CPU
	EndGlobalSection
	GlobalSection(ProjectConfigurationPlatforms) = postSolution
		{DFA5E894-D42D-4DCE-A002-7366A0A35BD3}.Debug|Any CPU.ActiveCfg = Debug|Any CPU
		{DFA5E894-D42D-4DCE-A002-7366A0A35BD3}.Debug|Any CPU.Build.0 = Debug|Any CPU
		{DFA5E894-D42D-4DCE-A002-7366A0A35BD3}.Release|Any CPU.ActiveCfg = Release|Any CPU
		{DFA5E894-D42D-4DCE-A002-7366A0A35BD3}.Release|Any CPU.Build.0 = Release|Any CPU
		{E34378CC-4B04-4FD8-8E84-DE7184E28743}.Debug|Any CPU.ActiveCfg = Debug|Any CPU
		{E34378CC-4B04-4FD8-8E84-DE7184E28743}.Debug|Any CPU.Build.0 = Debug|Any CPU
		{E34378CC-4B04-4FD8-8E84-DE7184E28743}.Release|Any CPU.ActiveCfg = Release|Any CPU
		{E34378CC-4B04-4FD8-8E84-DE7184E28743}.Release|Any CPU.Build.0 = Release|Any CPU
		{21784640-D84E-416E-909B-DC1CBAB51C1C}.Debug|Any CPU.ActiveCfg = Debug|Any CPU
		{21784640-D84E-416E-909B-DC1CBAB51C1C}.Debug|Any CPU.Build.0 = Debug|Any CPU
		{21784640-D84E-416E-909B-DC1CBAB51C1C}.Release|Any CPU.ActiveCfg = Release|Any CPU
		{21784640-D84E-416E-909B-DC1CBAB51C1C}.Release|Any CPU.Build.0 = Release|Any CPU
	EndGlobalSection
EndGlobal
