
Microsoft Visual Studio Solution File, Format Version 12.00
# Visual Studio 15
VisualStudioVersion = 15.0.27703.2035
MinimumVisualStudioVersion = 10.0.40219.1
Project("{F2A71F9B-5D33-465A-A702-920D77279786}") = "FParsec-Pipes", "FParsec-Pipes\FParsec-Pipes.fsproj", "{5EE8D5CB-B5F5-44DC-B3F7-A788D1922BC9}"
EndProject
Project("{F2A71F9B-5D33-465A-A702-920D77279786}") = "FParsec-Pipes-Test", "FParsec-Pipes-Test\FParsec-Pipes-Test.fsproj", "{68FE5E3F-B935-4E49-A8BF-BF890CA5B855}"
EndProject
Project("{F2A71F9B-5D33-465A-A702-920D77279786}") = "Examples.SQLite", "Examples.SQLite\Examples.SQLite.fsproj", "{823B94C8-5CE1-41C0-A4CF-7DA14887FB32}"
EndProject
Global
	GlobalSection(SolutionConfigurationPlatforms) = preSolution
		Debug|Any CPU = Debug|Any CPU
		Release|Any CPU = Release|Any CPU
	EndGlobalSection
	GlobalSection(ProjectConfigurationPlatforms) = postSolution
		{5EE8D5CB-B5F5-44DC-B3F7-A788D1922BC9}.Debug|Any CPU.ActiveCfg = Debug|Any CPU
		{5EE8D5CB-B5F5-44DC-B3F7-A788D1922BC9}.Debug|Any CPU.Build.0 = Debug|Any CPU
		{5EE8D5CB-B5F5-44DC-B3F7-A788D1922BC9}.Release|Any CPU.ActiveCfg = Release|Any CPU
		{5EE8D5CB-B5F5-44DC-B3F7-A788D1922BC9}.Release|Any CPU.Build.0 = Release|Any CPU
		{68FE5E3F-B935-4E49-A8BF-BF890CA5B855}.Debug|Any CPU.ActiveCfg = Debug|Any CPU
		{68FE5E3F-B935-4E49-A8BF-BF890CA5B855}.Debug|Any CPU.Build.0 = Debug|Any CPU
		{68FE5E3F-B935-4E49-A8BF-BF890CA5B855}.Release|Any CPU.ActiveCfg = Release|Any CPU
		{68FE5E3F-B935-4E49-A8BF-BF890CA5B855}.Release|Any CPU.Build.0 = Release|Any CPU
		{823B94C8-5CE1-41C0-A4CF-7DA14887FB32}.Debug|Any CPU.ActiveCfg = Debug|Any CPU
		{823B94C8-5CE1-41C0-A4CF-7DA14887FB32}.Debug|Any CPU.Build.0 = Debug|Any CPU
		{823B94C8-5CE1-41C0-A4CF-7DA14887FB32}.Release|Any CPU.ActiveCfg = Release|Any CPU
		{823B94C8-5CE1-41C0-A4CF-7DA14887FB32}.Release|Any CPU.Build.0 = Release|Any CPU
	EndGlobalSection
	GlobalSection(SolutionProperties) = preSolution
		HideSolutionNode = FALSE
	EndGlobalSection
	GlobalSection(ExtensibilityGlobals) = postSolution
		SolutionGuid = {BDB5C5EA-6BB5-41B4-AAD7-1FDE8D1579DF}
	EndGlobalSection
EndGlobal
